
Microsoft Visual Studio Solution File, Format Version 12.00
# Visual Studio Version 17
VisualStudioVersion = 17.8.34330.188
MinimumVisualStudioVersion = 10.0.40219.1
Project("{2150E333-8FDC-42A3-9474-1A3956D46DE8}") = "SiteManagement", "SiteManagement", "{BC62EA30-8C0B-48AE-AA1D-4A8708C2C638}"
EndProject
Project("{2150E333-8FDC-42A3-9474-1A3956D46DE8}") = "Src", "Src", "{57AD62C7-0F5D-4AFE-BACE-5B3AC7CC4A86}"
EndProject
Project("{2150E333-8FDC-42A3-9474-1A3956D46DE8}") = "Domain", "Domain", "{7501E255-7B11-4EFB-A0BD-2653097C890E}"
EndProject
Project("{2150E333-8FDC-42A3-9474-1A3956D46DE8}") = "Infrastructures", "Infrastructures", "{54DF24B7-F9DD-40CF-97BF-F23A88C92142}"
EndProject
Project("{2150E333-8FDC-42A3-9474-1A3956D46DE8}") = "Frameworks", "Frameworks", "{A5FAF853-11D9-4E49-BE6E-1BCC69DA570C}"
EndProject
Project("{9A19103F-16F7-4668-BE54-9A1E7A4F7556}") = "Base_Framework", "DomainFramework\Base_Framework.csproj", "{CFA38FC0-81E2-4409-89F5-C55A5A046C8F}"
EndProject
Project("{9A19103F-16F7-4668-BE54-9A1E7A4F7556}") = "SM.Domain.Core", "SM.Domain.Core\SM.Domain.Core.csproj", "{63D86065-14DE-4E0B-BA34-4AEABC99414B}"
EndProject
Project("{9A19103F-16F7-4668-BE54-9A1E7A4F7556}") = "SM.Domain.Services", "SM.Domain.Services\SM.Domain.Services.csproj", "{E011C73F-98A3-4D35-B93F-A6FA1B2AFC96}"
EndProject
Project("{2150E333-8FDC-42A3-9474-1A3956D46DE8}") = "Core", "Core", "{B045AC9D-9018-46B0-AA3B-16BA28F0657A}"
EndProject
Project("{2150E333-8FDC-42A3-9474-1A3956D46DE8}") = "Services", "Services", "{6DA35569-9471-4AA9-8637-E460F8A9BB94}"
EndProject
Project("{9A19103F-16F7-4668-BE54-9A1E7A4F7556}") = "SM.Domain.AppServices", "SM.Domain.AppServices\SM.Domain.AppServices.csproj", "{2D2285DC-C26E-4159-8FEC-7E2E2E69E3CE}"
EndProject
Project("{2150E333-8FDC-42A3-9474-1A3956D46DE8}") = "DataAccess", "DataAccess", "{7B77305D-6746-4B8C-8C9F-7FE8656E8B07}"
EndProject
Project("{2150E333-8FDC-42A3-9474-1A3956D46DE8}") = "DB", "DB", "{53229780-5086-44F9-8D4A-06A94B668470}"
EndProject
Project("{9A19103F-16F7-4668-BE54-9A1E7A4F7556}") = "SM.Infrastructure.DataAccess.Repos.EFCore", "SM.Infrastructure.DataAccess.Repos.EFCore\SM.Infrastructure.DataAccess.Repos.EFCore.csproj", "{BC8B4651-84D9-4E8A-A12E-A264C095D414}"
EndProject
Project("{9A19103F-16F7-4668-BE54-9A1E7A4F7556}") = "SM.Infrastructure.DB.SqlServer.EFCore", "SM.Infrastructure.DB.SqlServer.EFCore\SM.Infrastructure.DB.SqlServer.EFCore.csproj", "{044E7531-8317-43FF-B577-37ED034B47E6}"
EndProject
Project("{9A19103F-16F7-4668-BE54-9A1E7A4F7556}") = "SM.Infrastructure.Configuration", "SM.Infrastructure.Configuration\SM.Infrastructure.Configuration.csproj", "{0BFB648A-C812-4A0A-8140-6D34491D6B63}"
EndProject
Project("{2150E333-8FDC-42A3-9474-1A3956D46DE8}") = "Hosts", "Hosts", "{BFCE298C-3914-4244-B5A9-D32FA901037E}"
EndProject
Project("{9A19103F-16F7-4668-BE54-9A1E7A4F7556}") = "ServiceHost.RazorPages", "ServiceHost.RazorPages\ServiceHost.RazorPages.csproj", "{BBCCE74D-B108-4488-A0F2-9C201F966B03}"
EndProject
Project("{2150E333-8FDC-42A3-9474-1A3956D46DE8}") = "SiteQueries", "SiteQueries", "{F0477F47-C266-4F1A-A00F-3CCC5BBBACE7}"
EndProject
Project("{2150E333-8FDC-42A3-9474-1A3956D46DE8}") = "DiscountManagement", "DiscountManagement", "{4BF404B7-3800-4A8F-A1AA-B1B5C4F34010}"
EndProject
Project("{2150E333-8FDC-42A3-9474-1A3956D46DE8}") = "Src", "Src", "{381C0E91-0B91-45D4-A0B4-C3E56711D36E}"
EndProject
Project("{2150E333-8FDC-42A3-9474-1A3956D46DE8}") = "Domain", "Domain", "{08C00B8B-1E35-4B49-A017-B90C526B84F1}"
EndProject
Project("{2150E333-8FDC-42A3-9474-1A3956D46DE8}") = "Infrastructures", "Infrastructures", "{4CC974E9-D4D9-4F63-B2E4-EEC26C55DBEC}"
EndProject
Project("{2150E333-8FDC-42A3-9474-1A3956D46DE8}") = "Core", "Core", "{23506E03-F02E-4626-8FDE-96224AE9FD8F}"
EndProject
Project("{2150E333-8FDC-42A3-9474-1A3956D46DE8}") = "Services", "Services", "{E4B9339D-8864-4B21-9E77-F905374EAEED}"
EndProject
Project("{9A19103F-16F7-4668-BE54-9A1E7A4F7556}") = "DM.Domain.Core", "DM.Domain.Core\DM.Domain.Core.csproj", "{526984EA-DC97-419E-A8E3-6D13C3DE8B27}"
EndProject
Project("{9A19103F-16F7-4668-BE54-9A1E7A4F7556}") = "DM.Domain.AppServices", "DM.Domain.AppServices\DM.Domain.AppServices.csproj", "{C0E0D817-A1B7-4AB9-A1F8-4660A9B3A8C4}"
EndProject
Project("{9A19103F-16F7-4668-BE54-9A1E7A4F7556}") = "DM.Domain.Services", "DM.Domain.Services\DM.Domain.Services.csproj", "{863C7855-E5AA-4651-9117-183DB87E6C14}"
EndProject
Project("{2150E333-8FDC-42A3-9474-1A3956D46DE8}") = "DataAccess", "DataAccess", "{FB03A61B-6E58-4A56-B524-96A7FC694E27}"
EndProject
Project("{2150E333-8FDC-42A3-9474-1A3956D46DE8}") = "DB", "DB", "{44FED820-3A13-41DE-AFC6-AD1B7F960DF7}"
EndProject
Project("{9A19103F-16F7-4668-BE54-9A1E7A4F7556}") = "DM.Infrastructure.Configuration", "DM.Infrastructure.Configurations\DM.Infrastructure.Configuration.csproj", "{1C390792-9224-4B3B-A14F-C267E8480358}"
EndProject
Project("{9A19103F-16F7-4668-BE54-9A1E7A4F7556}") = "DM.Infrastructure.DataAccess.Repos.EFCore", "DM.Infrastructure.DataAccess.Repos.EFCore\DM.Infrastructure.DataAccess.Repos.EFCore.csproj", "{F8D08C50-BEA1-4364-BCE7-403BCE00490B}"
EndProject
Project("{9A19103F-16F7-4668-BE54-9A1E7A4F7556}") = "DM.Infrastructure.DB.SqlServer.EFCore", "DM.Infrastructure.DB.SqlServer.EFCore\DM.Infrastructure.DB.SqlServer.EFCore.csproj", "{410F48AA-4858-4B68-B97F-27FB3743FB6F}"
EndProject
Project("{2150E333-8FDC-42A3-9474-1A3956D46DE8}") = "InventoryManagement", "InventoryManagement", "{A27452C1-D3E3-4126-8568-FD9E93EE535D}"
EndProject
Project("{2150E333-8FDC-42A3-9474-1A3956D46DE8}") = "Src", "Src", "{10DBCD99-1023-4EFD-8980-BBC85A8D909D}"
EndProject
Project("{2150E333-8FDC-42A3-9474-1A3956D46DE8}") = "Domain", "Domain", "{7C864959-EB2F-4522-AB7F-3A5197543CD0}"
EndProject
Project("{2150E333-8FDC-42A3-9474-1A3956D46DE8}") = "Infrastructures", "Infrastructures", "{38D9BEC4-91C6-43A8-B024-303F839EB85C}"
EndProject
Project("{2150E333-8FDC-42A3-9474-1A3956D46DE8}") = "Core", "Core", "{FA849D04-C0A0-4412-B362-4EA5A6D02A26}"
EndProject
Project("{2150E333-8FDC-42A3-9474-1A3956D46DE8}") = "Services", "Services", "{E512ACB8-27FF-4A10-8724-2FA38F172657}"
EndProject
Project("{2150E333-8FDC-42A3-9474-1A3956D46DE8}") = "DataAccess", "DataAccess", "{C6C0C87C-59F2-47AE-8BDE-DC41A0531E49}"
EndProject
Project("{2150E333-8FDC-42A3-9474-1A3956D46DE8}") = "DB", "DB", "{DC28CB87-0DB4-403A-9AD5-10E37C9B437A}"
EndProject
Project("{9A19103F-16F7-4668-BE54-9A1E7A4F7556}") = "IM.Infrastructure.Configuration", "IM.Infrastructure.Configuration\IM.Infrastructure.Configuration.csproj", "{3B438555-B5FC-4D08-9AD7-9B58AF2263E7}"
EndProject
Project("{9A19103F-16F7-4668-BE54-9A1E7A4F7556}") = "IM.Domain.Core", "IM.Domain.Core\IM.Domain.Core.csproj", "{8187B5F5-B632-489A-B6D8-4BF5514349AC}"
EndProject
Project("{9A19103F-16F7-4668-BE54-9A1E7A4F7556}") = "IM.Domain.AppServices", "IM.Domain.AppServices\IM.Domain.AppServices.csproj", "{2ECC4AE4-26D5-49D6-A902-5E52F5075FCE}"
EndProject
Project("{9A19103F-16F7-4668-BE54-9A1E7A4F7556}") = "IM.Domain.Services", "IM.Domain.Services\IM.Domain.Services.csproj", "{C8DD8DE0-C477-4198-8B92-657E8DB2F169}"
EndProject
Project("{9A19103F-16F7-4668-BE54-9A1E7A4F7556}") = "IM.Infrastructure.DataAccess.Repos.EFCore", "IM.Infrastructure.DataAccess.Repos.EFCore\IM.Infrastructure.DataAccess.Repos.EFCore.csproj", "{DE35B555-58B9-4268-8346-832A5A445C5D}"
EndProject
Project("{9A19103F-16F7-4668-BE54-9A1E7A4F7556}") = "IM.Infrastructure.DB.SqlServer.EFCore", "IM.Infrastructure.DB.SqlServer.EFCore\IM.Infrastructure.DB.SqlServer.EFCore.csproj", "{3AC0F06A-B4C7-4544-9B71-A99222DA2BB3}"
EndProject
Project("{9A19103F-16F7-4668-BE54-9A1E7A4F7556}") = "SiteQuery_Ado", "SiteQuery_Ado\SiteQuery_Ado.csproj", "{24449340-3D97-4721-B16C-132B11906E01}"
EndProject
Project("{FAE04EC0-301F-11D3-BF4B-00C04F79EFBC}") = "SiteQuery_Configuration", "SiteQuery_Configuration\SiteQuery_Configuration.csproj", "{FDE2815C-98A3-4292-BDF8-45DF78E98771}"
EndProject
Global
	GlobalSection(SolutionConfigurationPlatforms) = preSolution
		Debug|Any CPU = Debug|Any CPU
		Release|Any CPU = Release|Any CPU
	EndGlobalSection
	GlobalSection(ProjectConfigurationPlatforms) = postSolution
		{CFA38FC0-81E2-4409-89F5-C55A5A046C8F}.Debug|Any CPU.ActiveCfg = Debug|Any CPU
		{CFA38FC0-81E2-4409-89F5-C55A5A046C8F}.Debug|Any CPU.Build.0 = Debug|Any CPU
		{CFA38FC0-81E2-4409-89F5-C55A5A046C8F}.Release|Any CPU.ActiveCfg = Release|Any CPU
		{CFA38FC0-81E2-4409-89F5-C55A5A046C8F}.Release|Any CPU.Build.0 = Release|Any CPU
		{63D86065-14DE-4E0B-BA34-4AEABC99414B}.Debug|Any CPU.ActiveCfg = Debug|Any CPU
		{63D86065-14DE-4E0B-BA34-4AEABC99414B}.Debug|Any CPU.Build.0 = Debug|Any CPU
		{63D86065-14DE-4E0B-BA34-4AEABC99414B}.Release|Any CPU.ActiveCfg = Release|Any CPU
		{63D86065-14DE-4E0B-BA34-4AEABC99414B}.Release|Any CPU.Build.0 = Release|Any CPU
		{E011C73F-98A3-4D35-B93F-A6FA1B2AFC96}.Debug|Any CPU.ActiveCfg = Debug|Any CPU
		{E011C73F-98A3-4D35-B93F-A6FA1B2AFC96}.Debug|Any CPU.Build.0 = Debug|Any CPU
		{E011C73F-98A3-4D35-B93F-A6FA1B2AFC96}.Release|Any CPU.ActiveCfg = Release|Any CPU
		{E011C73F-98A3-4D35-B93F-A6FA1B2AFC96}.Release|Any CPU.Build.0 = Release|Any CPU
		{2D2285DC-C26E-4159-8FEC-7E2E2E69E3CE}.Debug|Any CPU.ActiveCfg = Debug|Any CPU
		{2D2285DC-C26E-4159-8FEC-7E2E2E69E3CE}.Debug|Any CPU.Build.0 = Debug|Any CPU
		{2D2285DC-C26E-4159-8FEC-7E2E2E69E3CE}.Release|Any CPU.ActiveCfg = Release|Any CPU
		{2D2285DC-C26E-4159-8FEC-7E2E2E69E3CE}.Release|Any CPU.Build.0 = Release|Any CPU
		{BC8B4651-84D9-4E8A-A12E-A264C095D414}.Debug|Any CPU.ActiveCfg = Debug|Any CPU
		{BC8B4651-84D9-4E8A-A12E-A264C095D414}.Debug|Any CPU.Build.0 = Debug|Any CPU
		{BC8B4651-84D9-4E8A-A12E-A264C095D414}.Release|Any CPU.ActiveCfg = Release|Any CPU
		{BC8B4651-84D9-4E8A-A12E-A264C095D414}.Release|Any CPU.Build.0 = Release|Any CPU
		{044E7531-8317-43FF-B577-37ED034B47E6}.Debug|Any CPU.ActiveCfg = Debug|Any CPU
		{044E7531-8317-43FF-B577-37ED034B47E6}.Debug|Any CPU.Build.0 = Debug|Any CPU
		{044E7531-8317-43FF-B577-37ED034B47E6}.Release|Any CPU.ActiveCfg = Release|Any CPU
		{044E7531-8317-43FF-B577-37ED034B47E6}.Release|Any CPU.Build.0 = Release|Any CPU
		{0BFB648A-C812-4A0A-8140-6D34491D6B63}.Debug|Any CPU.ActiveCfg = Debug|Any CPU
		{0BFB648A-C812-4A0A-8140-6D34491D6B63}.Debug|Any CPU.Build.0 = Debug|Any CPU
		{0BFB648A-C812-4A0A-8140-6D34491D6B63}.Release|Any CPU.ActiveCfg = Release|Any CPU
		{0BFB648A-C812-4A0A-8140-6D34491D6B63}.Release|Any CPU.Build.0 = Release|Any CPU
		{BBCCE74D-B108-4488-A0F2-9C201F966B03}.Debug|Any CPU.ActiveCfg = Debug|Any CPU
		{BBCCE74D-B108-4488-A0F2-9C201F966B03}.Debug|Any CPU.Build.0 = Debug|Any CPU
		{BBCCE74D-B108-4488-A0F2-9C201F966B03}.Release|Any CPU.ActiveCfg = Release|Any CPU
		{BBCCE74D-B108-4488-A0F2-9C201F966B03}.Release|Any CPU.Build.0 = Release|Any CPU
		{526984EA-DC97-419E-A8E3-6D13C3DE8B27}.Debug|Any CPU.ActiveCfg = Debug|Any CPU
		{526984EA-DC97-419E-A8E3-6D13C3DE8B27}.Debug|Any CPU.Build.0 = Debug|Any CPU
		{526984EA-DC97-419E-A8E3-6D13C3DE8B27}.Release|Any CPU.ActiveCfg = Release|Any CPU
		{526984EA-DC97-419E-A8E3-6D13C3DE8B27}.Release|Any CPU.Build.0 = Release|Any CPU
		{C0E0D817-A1B7-4AB9-A1F8-4660A9B3A8C4}.Debug|Any CPU.ActiveCfg = Debug|Any CPU
		{C0E0D817-A1B7-4AB9-A1F8-4660A9B3A8C4}.Debug|Any CPU.Build.0 = Debug|Any CPU
		{C0E0D817-A1B7-4AB9-A1F8-4660A9B3A8C4}.Release|Any CPU.ActiveCfg = Release|Any CPU
		{C0E0D817-A1B7-4AB9-A1F8-4660A9B3A8C4}.Release|Any CPU.Build.0 = Release|Any CPU
		{863C7855-E5AA-4651-9117-183DB87E6C14}.Debug|Any CPU.ActiveCfg = Debug|Any CPU
		{863C7855-E5AA-4651-9117-183DB87E6C14}.Debug|Any CPU.Build.0 = Debug|Any CPU
		{863C7855-E5AA-4651-9117-183DB87E6C14}.Release|Any CPU.ActiveCfg = Release|Any CPU
		{863C7855-E5AA-4651-9117-183DB87E6C14}.Release|Any CPU.Build.0 = Release|Any CPU
		{1C390792-9224-4B3B-A14F-C267E8480358}.Debug|Any CPU.ActiveCfg = Debug|Any CPU
		{1C390792-9224-4B3B-A14F-C267E8480358}.Debug|Any CPU.Build.0 = Debug|Any CPU
		{1C390792-9224-4B3B-A14F-C267E8480358}.Release|Any CPU.ActiveCfg = Release|Any CPU
		{1C390792-9224-4B3B-A14F-C267E8480358}.Release|Any CPU.Build.0 = Release|Any CPU
		{F8D08C50-BEA1-4364-BCE7-403BCE00490B}.Debug|Any CPU.ActiveCfg = Debug|Any CPU
		{F8D08C50-BEA1-4364-BCE7-403BCE00490B}.Debug|Any CPU.Build.0 = Debug|Any CPU
		{F8D08C50-BEA1-4364-BCE7-403BCE00490B}.Release|Any CPU.ActiveCfg = Release|Any CPU
		{F8D08C50-BEA1-4364-BCE7-403BCE00490B}.Release|Any CPU.Build.0 = Release|Any CPU
		{410F48AA-4858-4B68-B97F-27FB3743FB6F}.Debug|Any CPU.ActiveCfg = Debug|Any CPU
		{410F48AA-4858-4B68-B97F-27FB3743FB6F}.Debug|Any CPU.Build.0 = Debug|Any CPU
		{410F48AA-4858-4B68-B97F-27FB3743FB6F}.Release|Any CPU.ActiveCfg = Release|Any CPU
		{410F48AA-4858-4B68-B97F-27FB3743FB6F}.Release|Any CPU.Build.0 = Release|Any CPU
		{3B438555-B5FC-4D08-9AD7-9B58AF2263E7}.Debug|Any CPU.ActiveCfg = Debug|Any CPU
		{3B438555-B5FC-4D08-9AD7-9B58AF2263E7}.Debug|Any CPU.Build.0 = Debug|Any CPU
		{3B438555-B5FC-4D08-9AD7-9B58AF2263E7}.Release|Any CPU.ActiveCfg = Release|Any CPU
		{3B438555-B5FC-4D08-9AD7-9B58AF2263E7}.Release|Any CPU.Build.0 = Release|Any CPU
		{8187B5F5-B632-489A-B6D8-4BF5514349AC}.Debug|Any CPU.ActiveCfg = Debug|Any CPU
		{8187B5F5-B632-489A-B6D8-4BF5514349AC}.Debug|Any CPU.Build.0 = Debug|Any CPU
		{8187B5F5-B632-489A-B6D8-4BF5514349AC}.Release|Any CPU.ActiveCfg = Release|Any CPU
		{8187B5F5-B632-489A-B6D8-4BF5514349AC}.Release|Any CPU.Build.0 = Release|Any CPU
		{2ECC4AE4-26D5-49D6-A902-5E52F5075FCE}.Debug|Any CPU.ActiveCfg = Debug|Any CPU
		{2ECC4AE4-26D5-49D6-A902-5E52F5075FCE}.Debug|Any CPU.Build.0 = Debug|Any CPU
		{2ECC4AE4-26D5-49D6-A902-5E52F5075FCE}.Release|Any CPU.ActiveCfg = Release|Any CPU
		{2ECC4AE4-26D5-49D6-A902-5E52F5075FCE}.Release|Any CPU.Build.0 = Release|Any CPU
		{C8DD8DE0-C477-4198-8B92-657E8DB2F169}.Debug|Any CPU.ActiveCfg = Debug|Any CPU
		{C8DD8DE0-C477-4198-8B92-657E8DB2F169}.Debug|Any CPU.Build.0 = Debug|Any CPU
		{C8DD8DE0-C477-4198-8B92-657E8DB2F169}.Release|Any CPU.ActiveCfg = Release|Any CPU
		{C8DD8DE0-C477-4198-8B92-657E8DB2F169}.Release|Any CPU.Build.0 = Release|Any CPU
		{DE35B555-58B9-4268-8346-832A5A445C5D}.Debug|Any CPU.ActiveCfg = Debug|Any CPU
		{DE35B555-58B9-4268-8346-832A5A445C5D}.Debug|Any CPU.Build.0 = Debug|Any CPU
		{DE35B555-58B9-4268-8346-832A5A445C5D}.Release|Any CPU.ActiveCfg = Release|Any CPU
		{DE35B555-58B9-4268-8346-832A5A445C5D}.Release|Any CPU.Build.0 = Release|Any CPU
		{3AC0F06A-B4C7-4544-9B71-A99222DA2BB3}.Debug|Any CPU.ActiveCfg = Debug|Any CPU
		{3AC0F06A-B4C7-4544-9B71-A99222DA2BB3}.Debug|Any CPU.Build.0 = Debug|Any CPU
		{3AC0F06A-B4C7-4544-9B71-A99222DA2BB3}.Release|Any CPU.ActiveCfg = Release|Any CPU
		{3AC0F06A-B4C7-4544-9B71-A99222DA2BB3}.Release|Any CPU.Build.0 = Release|Any CPU
		{24449340-3D97-4721-B16C-132B11906E01}.Debug|Any CPU.ActiveCfg = Debug|Any CPU
		{24449340-3D97-4721-B16C-132B11906E01}.Debug|Any CPU.Build.0 = Debug|Any CPU
		{24449340-3D97-4721-B16C-132B11906E01}.Release|Any CPU.ActiveCfg = Release|Any CPU
		{24449340-3D97-4721-B16C-132B11906E01}.Release|Any CPU.Build.0 = Release|Any CPU
		{FDE2815C-98A3-4292-BDF8-45DF78E98771}.Debug|Any CPU.ActiveCfg = Debug|Any CPU
		{FDE2815C-98A3-4292-BDF8-45DF78E98771}.Debug|Any CPU.Build.0 = Debug|Any CPU
		{FDE2815C-98A3-4292-BDF8-45DF78E98771}.Release|Any CPU.ActiveCfg = Release|Any CPU
		{FDE2815C-98A3-4292-BDF8-45DF78E98771}.Release|Any CPU.Build.0 = Release|Any CPU
	EndGlobalSection
	GlobalSection(SolutionProperties) = preSolution
		HideSolutionNode = FALSE
	EndGlobalSection
	GlobalSection(NestedProjects) = preSolution
		{57AD62C7-0F5D-4AFE-BACE-5B3AC7CC4A86} = {BC62EA30-8C0B-48AE-AA1D-4A8708C2C638}
		{7501E255-7B11-4EFB-A0BD-2653097C890E} = {57AD62C7-0F5D-4AFE-BACE-5B3AC7CC4A86}
		{54DF24B7-F9DD-40CF-97BF-F23A88C92142} = {57AD62C7-0F5D-4AFE-BACE-5B3AC7CC4A86}
		{CFA38FC0-81E2-4409-89F5-C55A5A046C8F} = {A5FAF853-11D9-4E49-BE6E-1BCC69DA570C}
		{63D86065-14DE-4E0B-BA34-4AEABC99414B} = {B045AC9D-9018-46B0-AA3B-16BA28F0657A}
		{E011C73F-98A3-4D35-B93F-A6FA1B2AFC96} = {6DA35569-9471-4AA9-8637-E460F8A9BB94}
		{B045AC9D-9018-46B0-AA3B-16BA28F0657A} = {7501E255-7B11-4EFB-A0BD-2653097C890E}
		{6DA35569-9471-4AA9-8637-E460F8A9BB94} = {7501E255-7B11-4EFB-A0BD-2653097C890E}
		{2D2285DC-C26E-4159-8FEC-7E2E2E69E3CE} = {6DA35569-9471-4AA9-8637-E460F8A9BB94}
		{7B77305D-6746-4B8C-8C9F-7FE8656E8B07} = {54DF24B7-F9DD-40CF-97BF-F23A88C92142}
		{53229780-5086-44F9-8D4A-06A94B668470} = {54DF24B7-F9DD-40CF-97BF-F23A88C92142}
		{BC8B4651-84D9-4E8A-A12E-A264C095D414} = {7B77305D-6746-4B8C-8C9F-7FE8656E8B07}
		{044E7531-8317-43FF-B577-37ED034B47E6} = {53229780-5086-44F9-8D4A-06A94B668470}
		{0BFB648A-C812-4A0A-8140-6D34491D6B63} = {54DF24B7-F9DD-40CF-97BF-F23A88C92142}
		{BBCCE74D-B108-4488-A0F2-9C201F966B03} = {BFCE298C-3914-4244-B5A9-D32FA901037E}
		{381C0E91-0B91-45D4-A0B4-C3E56711D36E} = {4BF404B7-3800-4A8F-A1AA-B1B5C4F34010}
		{08C00B8B-1E35-4B49-A017-B90C526B84F1} = {381C0E91-0B91-45D4-A0B4-C3E56711D36E}
		{4CC974E9-D4D9-4F63-B2E4-EEC26C55DBEC} = {381C0E91-0B91-45D4-A0B4-C3E56711D36E}
		{23506E03-F02E-4626-8FDE-96224AE9FD8F} = {08C00B8B-1E35-4B49-A017-B90C526B84F1}
		{E4B9339D-8864-4B21-9E77-F905374EAEED} = {08C00B8B-1E35-4B49-A017-B90C526B84F1}
		{526984EA-DC97-419E-A8E3-6D13C3DE8B27} = {23506E03-F02E-4626-8FDE-96224AE9FD8F}
		{C0E0D817-A1B7-4AB9-A1F8-4660A9B3A8C4} = {E4B9339D-8864-4B21-9E77-F905374EAEED}
		{863C7855-E5AA-4651-9117-183DB87E6C14} = {E4B9339D-8864-4B21-9E77-F905374EAEED}
		{FB03A61B-6E58-4A56-B524-96A7FC694E27} = {4CC974E9-D4D9-4F63-B2E4-EEC26C55DBEC}
		{44FED820-3A13-41DE-AFC6-AD1B7F960DF7} = {4CC974E9-D4D9-4F63-B2E4-EEC26C55DBEC}
		{1C390792-9224-4B3B-A14F-C267E8480358} = {4CC974E9-D4D9-4F63-B2E4-EEC26C55DBEC}
		{F8D08C50-BEA1-4364-BCE7-403BCE00490B} = {FB03A61B-6E58-4A56-B524-96A7FC694E27}
		{410F48AA-4858-4B68-B97F-27FB3743FB6F} = {44FED820-3A13-41DE-AFC6-AD1B7F960DF7}
		{10DBCD99-1023-4EFD-8980-BBC85A8D909D} = {A27452C1-D3E3-4126-8568-FD9E93EE535D}
		{7C864959-EB2F-4522-AB7F-3A5197543CD0} = {10DBCD99-1023-4EFD-8980-BBC85A8D909D}
		{38D9BEC4-91C6-43A8-B024-303F839EB85C} = {10DBCD99-1023-4EFD-8980-BBC85A8D909D}
		{FA849D04-C0A0-4412-B362-4EA5A6D02A26} = {7C864959-EB2F-4522-AB7F-3A5197543CD0}
		{E512ACB8-27FF-4A10-8724-2FA38F172657} = {7C864959-EB2F-4522-AB7F-3A5197543CD0}
		{C6C0C87C-59F2-47AE-8BDE-DC41A0531E49} = {38D9BEC4-91C6-43A8-B024-303F839EB85C}
		{DC28CB87-0DB4-403A-9AD5-10E37C9B437A} = {38D9BEC4-91C6-43A8-B024-303F839EB85C}
		{3B438555-B5FC-4D08-9AD7-9B58AF2263E7} = {38D9BEC4-91C6-43A8-B024-303F839EB85C}
		{8187B5F5-B632-489A-B6D8-4BF5514349AC} = {FA849D04-C0A0-4412-B362-4EA5A6D02A26}
		{2ECC4AE4-26D5-49D6-A902-5E52F5075FCE} = {E512ACB8-27FF-4A10-8724-2FA38F172657}
		{C8DD8DE0-C477-4198-8B92-657E8DB2F169} = {E512ACB8-27FF-4A10-8724-2FA38F172657}
		{DE35B555-58B9-4268-8346-832A5A445C5D} = {C6C0C87C-59F2-47AE-8BDE-DC41A0531E49}
		{3AC0F06A-B4C7-4544-9B71-A99222DA2BB3} = {DC28CB87-0DB4-403A-9AD5-10E37C9B437A}
		{24449340-3D97-4721-B16C-132B11906E01} = {F0477F47-C266-4F1A-A00F-3CCC5BBBACE7}
		{FDE2815C-98A3-4292-BDF8-45DF78E98771} = {F0477F47-C266-4F1A-A00F-3CCC5BBBACE7}
	EndGlobalSection
	GlobalSection(ExtensibilityGlobals) = postSolution
		SolutionGuid = {2E3B5803-84A7-47E6-A5E9-B1DCDF0A7C77}
	EndGlobalSection
EndGlobal
