
Microsoft Visual Studio Solution File, Format Version 12.00
# Visual Studio Version 17
VisualStudioVersion = 17.8.34330.188
MinimumVisualStudioVersion = 10.0.40219.1
Project("{2150E333-8FDC-42A3-9474-1A3956D46DE8}") = "SiteManagement", "SiteManagement", "{BC62EA30-8C0B-48AE-AA1D-4A8708C2C638}"
EndProject
Project("{2150E333-8FDC-42A3-9474-1A3956D46DE8}") = "Src", "Src", "{57AD62C7-0F5D-4AFE-BACE-5B3AC7CC4A86}"
EndProject
Project("{2150E333-8FDC-42A3-9474-1A3956D46DE8}") = "Test", "Test", "{ACB388C0-47C5-44CD-9DE8-377CB59C732B}"
EndProject
Project("{2150E333-8FDC-42A3-9474-1A3956D46DE8}") = "Domain", "Domain", "{7501E255-7B11-4EFB-A0BD-2653097C890E}"
EndProject
Project("{2150E333-8FDC-42A3-9474-1A3956D46DE8}") = "Infrastructures", "Infrastructures", "{54DF24B7-F9DD-40CF-97BF-F23A88C92142}"
EndProject
Project("{2150E333-8FDC-42A3-9474-1A3956D46DE8}") = "EndPoints", "EndPoints", "{7C131BB7-7D30-459F-8B0D-AD3BDB3D5BC4}"
EndProject
Project("{2150E333-8FDC-42A3-9474-1A3956D46DE8}") = "Frameworks", "Frameworks", "{A5FAF853-11D9-4E49-BE6E-1BCC69DA570C}"
EndProject
Project("{9A19103F-16F7-4668-BE54-9A1E7A4F7556}") = "Base_Framework", "DomainFramework\Base_Framework.csproj", "{CFA38FC0-81E2-4409-89F5-C55A5A046C8F}"
EndProject
Project("{9A19103F-16F7-4668-BE54-9A1E7A4F7556}") = "SM.Domain.Core", "SM.Domain.Core\SM.Domain.Core.csproj", "{63D86065-14DE-4E0B-BA34-4AEABC99414B}"
EndProject
Project("{9A19103F-16F7-4668-BE54-9A1E7A4F7556}") = "SM.Domain.Services", "SM.Domain.Services\SM.Domain.Services.csproj", "{E011C73F-98A3-4D35-B93F-A6FA1B2AFC96}"
EndProject
Project("{2150E333-8FDC-42A3-9474-1A3956D46DE8}") = "Core", "Core", "{B045AC9D-9018-46B0-AA3B-16BA28F0657A}"
EndProject
Project("{2150E333-8FDC-42A3-9474-1A3956D46DE8}") = "Services", "Services", "{6DA35569-9471-4AA9-8637-E460F8A9BB94}"
EndProject
Project("{9A19103F-16F7-4668-BE54-9A1E7A4F7556}") = "SM.Domain.AppServices", "SM.Domain.AppServices\SM.Domain.AppServices.csproj", "{2D2285DC-C26E-4159-8FEC-7E2E2E69E3CE}"
EndProject
Project("{2150E333-8FDC-42A3-9474-1A3956D46DE8}") = "DataAccess", "DataAccess", "{7B77305D-6746-4B8C-8C9F-7FE8656E8B07}"
EndProject
Project("{2150E333-8FDC-42A3-9474-1A3956D46DE8}") = "DB", "DB", "{53229780-5086-44F9-8D4A-06A94B668470}"
EndProject
Project("{9A19103F-16F7-4668-BE54-9A1E7A4F7556}") = "SM.Infrastructure.DataAccess.Repos.EFCore", "SM.Infrastructure.DataAccess.Repos.EFCore\SM.Infrastructure.DataAccess.Repos.EFCore.csproj", "{BC8B4651-84D9-4E8A-A12E-A264C095D414}"
EndProject
Project("{9A19103F-16F7-4668-BE54-9A1E7A4F7556}") = "SM.Infrastructure.DB.SqlServer.EFCore", "SM.Infrastructure.DB.SqlServer.EFCore\SM.Infrastructure.DB.SqlServer.EFCore.csproj", "{044E7531-8317-43FF-B577-37ED034B47E6}"
EndProject
Project("{FAE04EC0-301F-11D3-BF4B-00C04F79EFBC}") = "SM.Infrastructure.Configuration", "SM.Infrastructure.Configuration\SM.Infrastructure.Configuration.csproj", "{0BFB648A-C812-4A0A-8140-6D34491D6B63}"
EndProject
Global
	GlobalSection(SolutionConfigurationPlatforms) = preSolution
		Debug|Any CPU = Debug|Any CPU
		Release|Any CPU = Release|Any CPU
	EndGlobalSection
	GlobalSection(ProjectConfigurationPlatforms) = postSolution
		{CFA38FC0-81E2-4409-89F5-C55A5A046C8F}.Debug|Any CPU.ActiveCfg = Debug|Any CPU
		{CFA38FC0-81E2-4409-89F5-C55A5A046C8F}.Debug|Any CPU.Build.0 = Debug|Any CPU
		{CFA38FC0-81E2-4409-89F5-C55A5A046C8F}.Release|Any CPU.ActiveCfg = Release|Any CPU
		{CFA38FC0-81E2-4409-89F5-C55A5A046C8F}.Release|Any CPU.Build.0 = Release|Any CPU
		{63D86065-14DE-4E0B-BA34-4AEABC99414B}.Debug|Any CPU.ActiveCfg = Debug|Any CPU
		{63D86065-14DE-4E0B-BA34-4AEABC99414B}.Debug|Any CPU.Build.0 = Debug|Any CPU
		{63D86065-14DE-4E0B-BA34-4AEABC99414B}.Release|Any CPU.ActiveCfg = Release|Any CPU
		{63D86065-14DE-4E0B-BA34-4AEABC99414B}.Release|Any CPU.Build.0 = Release|Any CPU
		{E011C73F-98A3-4D35-B93F-A6FA1B2AFC96}.Debug|Any CPU.ActiveCfg = Debug|Any CPU
		{E011C73F-98A3-4D35-B93F-A6FA1B2AFC96}.Debug|Any CPU.Build.0 = Debug|Any CPU
		{E011C73F-98A3-4D35-B93F-A6FA1B2AFC96}.Release|Any CPU.ActiveCfg = Release|Any CPU
		{E011C73F-98A3-4D35-B93F-A6FA1B2AFC96}.Release|Any CPU.Build.0 = Release|Any CPU
		{2D2285DC-C26E-4159-8FEC-7E2E2E69E3CE}.Debug|Any CPU.ActiveCfg = Debug|Any CPU
		{2D2285DC-C26E-4159-8FEC-7E2E2E69E3CE}.Debug|Any CPU.Build.0 = Debug|Any CPU
		{2D2285DC-C26E-4159-8FEC-7E2E2E69E3CE}.Release|Any CPU.ActiveCfg = Release|Any CPU
		{2D2285DC-C26E-4159-8FEC-7E2E2E69E3CE}.Release|Any CPU.Build.0 = Release|Any CPU
		{BC8B4651-84D9-4E8A-A12E-A264C095D414}.Debug|Any CPU.ActiveCfg = Debug|Any CPU
		{BC8B4651-84D9-4E8A-A12E-A264C095D414}.Debug|Any CPU.Build.0 = Debug|Any CPU
		{BC8B4651-84D9-4E8A-A12E-A264C095D414}.Release|Any CPU.ActiveCfg = Release|Any CPU
		{BC8B4651-84D9-4E8A-A12E-A264C095D414}.Release|Any CPU.Build.0 = Release|Any CPU
		{044E7531-8317-43FF-B577-37ED034B47E6}.Debug|Any CPU.ActiveCfg = Debug|Any CPU
		{044E7531-8317-43FF-B577-37ED034B47E6}.Debug|Any CPU.Build.0 = Debug|Any CPU
		{044E7531-8317-43FF-B577-37ED034B47E6}.Release|Any CPU.ActiveCfg = Release|Any CPU
		{044E7531-8317-43FF-B577-37ED034B47E6}.Release|Any CPU.Build.0 = Release|Any CPU
		{0BFB648A-C812-4A0A-8140-6D34491D6B63}.Debug|Any CPU.ActiveCfg = Debug|Any CPU
		{0BFB648A-C812-4A0A-8140-6D34491D6B63}.Debug|Any CPU.Build.0 = Debug|Any CPU
		{0BFB648A-C812-4A0A-8140-6D34491D6B63}.Release|Any CPU.ActiveCfg = Release|Any CPU
		{0BFB648A-C812-4A0A-8140-6D34491D6B63}.Release|Any CPU.Build.0 = Release|Any CPU
	EndGlobalSection
	GlobalSection(SolutionProperties) = preSolution
		HideSolutionNode = FALSE
	EndGlobalSection
	GlobalSection(NestedProjects) = preSolution
		{57AD62C7-0F5D-4AFE-BACE-5B3AC7CC4A86} = {BC62EA30-8C0B-48AE-AA1D-4A8708C2C638}
		{ACB388C0-47C5-44CD-9DE8-377CB59C732B} = {BC62EA30-8C0B-48AE-AA1D-4A8708C2C638}
		{7501E255-7B11-4EFB-A0BD-2653097C890E} = {57AD62C7-0F5D-4AFE-BACE-5B3AC7CC4A86}
		{54DF24B7-F9DD-40CF-97BF-F23A88C92142} = {57AD62C7-0F5D-4AFE-BACE-5B3AC7CC4A86}
		{7C131BB7-7D30-459F-8B0D-AD3BDB3D5BC4} = {57AD62C7-0F5D-4AFE-BACE-5B3AC7CC4A86}
		{CFA38FC0-81E2-4409-89F5-C55A5A046C8F} = {A5FAF853-11D9-4E49-BE6E-1BCC69DA570C}
		{63D86065-14DE-4E0B-BA34-4AEABC99414B} = {B045AC9D-9018-46B0-AA3B-16BA28F0657A}
		{E011C73F-98A3-4D35-B93F-A6FA1B2AFC96} = {6DA35569-9471-4AA9-8637-E460F8A9BB94}
		{B045AC9D-9018-46B0-AA3B-16BA28F0657A} = {7501E255-7B11-4EFB-A0BD-2653097C890E}
		{6DA35569-9471-4AA9-8637-E460F8A9BB94} = {7501E255-7B11-4EFB-A0BD-2653097C890E}
		{2D2285DC-C26E-4159-8FEC-7E2E2E69E3CE} = {6DA35569-9471-4AA9-8637-E460F8A9BB94}
		{7B77305D-6746-4B8C-8C9F-7FE8656E8B07} = {54DF24B7-F9DD-40CF-97BF-F23A88C92142}
		{53229780-5086-44F9-8D4A-06A94B668470} = {54DF24B7-F9DD-40CF-97BF-F23A88C92142}
		{BC8B4651-84D9-4E8A-A12E-A264C095D414} = {7B77305D-6746-4B8C-8C9F-7FE8656E8B07}
		{044E7531-8317-43FF-B577-37ED034B47E6} = {53229780-5086-44F9-8D4A-06A94B668470}
		{0BFB648A-C812-4A0A-8140-6D34491D6B63} = {54DF24B7-F9DD-40CF-97BF-F23A88C92142}
	EndGlobalSection
	GlobalSection(ExtensibilityGlobals) = postSolution
		SolutionGuid = {2E3B5803-84A7-47E6-A5E9-B1DCDF0A7C77}
	EndGlobalSection
EndGlobal
